
Microsoft Visual Studio Solution File, Format Version 12.00
# Visual Studio Version 17
VisualStudioVersion = 17.6.33717.318
MinimumVisualStudioVersion = 10.0.40219.1
Project("{FAE04EC0-301F-11D3-BF4B-00C04F79EFBC}") = "MichaelA_API", "MichaelA_API.csproj", "{C979A1B2-82E6-4011-9237-D3938C832599}"
EndProject
Project("{FAE04EC0-301F-11D3-BF4B-00C04F79EFBC}") = "Data", "..\Data\Data.csproj", "{33D8F998-DDAE-4041-AEA4-219CA3EECF4B}"
EndProject
Project("{FAE04EC0-301F-11D3-BF4B-00C04F79EFBC}") = "Entities", "..\Entities\Entities.csproj", "{89532310-A32B-44A1-8A5A-9CF2D0E15A56}"
EndProject
Project("{FAE04EC0-301F-11D3-BF4B-00C04F79EFBC}") = "Services", "..\Services\Services.csproj", "{CBA4809E-94CA-436C-9409-0F79A8D06B0F}"
EndProject
Global
	GlobalSection(SolutionConfigurationPlatforms) = preSolution
		Debug|Any CPU = Debug|Any CPU
		Release|Any CPU = Release|Any CPU
	EndGlobalSection
	GlobalSection(ProjectConfigurationPlatforms) = postSolution
		{C979A1B2-82E6-4011-9237-D3938C832599}.Debug|Any CPU.ActiveCfg = Debug|Any CPU
		{C979A1B2-82E6-4011-9237-D3938C832599}.Debug|Any CPU.Build.0 = Debug|Any CPU
		{C979A1B2-82E6-4011-9237-D3938C832599}.Release|Any CPU.ActiveCfg = Release|Any CPU
		{C979A1B2-82E6-4011-9237-D3938C832599}.Release|Any CPU.Build.0 = Release|Any CPU
		{33D8F998-DDAE-4041-AEA4-219CA3EECF4B}.Debug|Any CPU.ActiveCfg = Debug|Any CPU
		{33D8F998-DDAE-4041-AEA4-219CA3EECF4B}.Debug|Any CPU.Build.0 = Debug|Any CPU
		{33D8F998-DDAE-4041-AEA4-219CA3EECF4B}.Release|Any CPU.ActiveCfg = Release|Any CPU
		{33D8F998-DDAE-4041-AEA4-219CA3EECF4B}.Release|Any CPU.Build.0 = Release|Any CPU
		{89532310-A32B-44A1-8A5A-9CF2D0E15A56}.Debug|Any CPU.ActiveCfg = Debug|Any CPU
		{89532310-A32B-44A1-8A5A-9CF2D0E15A56}.Debug|Any CPU.Build.0 = Debug|Any CPU
		{89532310-A32B-44A1-8A5A-9CF2D0E15A56}.Release|Any CPU.ActiveCfg = Release|Any CPU
		{89532310-A32B-44A1-8A5A-9CF2D0E15A56}.Release|Any CPU.Build.0 = Release|Any CPU
		{CBA4809E-94CA-436C-9409-0F79A8D06B0F}.Debug|Any CPU.ActiveCfg = Debug|Any CPU
		{CBA4809E-94CA-436C-9409-0F79A8D06B0F}.Debug|Any CPU.Build.0 = Debug|Any CPU
		{CBA4809E-94CA-436C-9409-0F79A8D06B0F}.Release|Any CPU.ActiveCfg = Release|Any CPU
		{CBA4809E-94CA-436C-9409-0F79A8D06B0F}.Release|Any CPU.Build.0 = Release|Any CPU
	EndGlobalSection
	GlobalSection(SolutionProperties) = preSolution
		HideSolutionNode = FALSE
	EndGlobalSection
	GlobalSection(ExtensibilityGlobals) = postSolution
		SolutionGuid = {0D44B989-D32D-43D8-B8AC-34E713608EC3}
	EndGlobalSection
EndGlobal
